
Microsoft Visual Studio Solution File, Format Version 12.00
Project("{FAE04EC0-301F-11D3-BF4B-00C04F79EFBC}") = "E-Waste", "E-Waste\E-Waste.csproj", "{2DA8697B-EA77-4020-B2E9-D7BE0878EFD0}"
EndProject
Global
	GlobalSection(SolutionConfigurationPlatforms) = preSolution
		Debug|Any CPU = Debug|Any CPU
		Release|Any CPU = Release|Any CPU
	EndGlobalSection
	GlobalSection(ProjectConfigurationPlatforms) = postSolution
		{2DA8697B-EA77-4020-B2E9-D7BE0878EFD0}.Debug|Any CPU.ActiveCfg = Debug|Any CPU
		{2DA8697B-EA77-4020-B2E9-D7BE0878EFD0}.Debug|Any CPU.Build.0 = Debug|Any CPU
		{2DA8697B-EA77-4020-B2E9-D7BE0878EFD0}.Release|Any CPU.ActiveCfg = Release|Any CPU
		{2DA8697B-EA77-4020-B2E9-D7BE0878EFD0}.Release|Any CPU.Build.0 = Release|Any CPU
	EndGlobalSection
EndGlobal
